// !$*UTF8*$!
{
	archiveVersion = 1;
	classes = {
	};
	objectVersion = 46;
	objects = {

/* Begin PBXBuildFile section */
		910E45FB1D3709FB00EE6120 /* AppDelegate.swift in Sources */ = {isa = PBXBuildFile; fileRef = 910E45FA1D3709FB00EE6120 /* AppDelegate.swift */; };
		910E46001D3709FB00EE6120 /* Main.storyboard in Resources */ = {isa = PBXBuildFile; fileRef = 910E45FE1D3709FB00EE6120 /* Main.storyboard */; };
		910E46021D3709FB00EE6120 /* Assets.xcassets in Resources */ = {isa = PBXBuildFile; fileRef = 910E46011D3709FB00EE6120 /* Assets.xcassets */; };
		910E46051D3709FB00EE6120 /* LaunchScreen.storyboard in Resources */ = {isa = PBXBuildFile; fileRef = 910E46031D3709FB00EE6120 /* LaunchScreen.storyboard */; };
		910E46101D3709FB00EE6120 /* VirtualTouristTests.swift in Sources */ = {isa = PBXBuildFile; fileRef = 910E460F1D3709FB00EE6120 /* VirtualTouristTests.swift */; };
		910E461B1D3709FB00EE6120 /* VirtualTouristUITests.swift in Sources */ = {isa = PBXBuildFile; fileRef = 910E461A1D3709FB00EE6120 /* VirtualTouristUITests.swift */; };
		910E462D1D370D8B00EE6120 /* MapViewController.swift in Sources */ = {isa = PBXBuildFile; fileRef = 910E462C1D370D8B00EE6120 /* MapViewController.swift */; };
		910E462F1D3712AE00EE6120 /* CoreDataStack.swift in Sources */ = {isa = PBXBuildFile; fileRef = 910E462E1D3712AE00EE6120 /* CoreDataStack.swift */; };
		910E46321D3713F600EE6120 /* Model.xcdatamodeld in Sources */ = {isa = PBXBuildFile; fileRef = 910E46301D3713F600EE6120 /* Model.xcdatamodeld */; };
		910E46371D3772E500EE6120 /* Pin+CoreDataProperties.swift in Sources */ = {isa = PBXBuildFile; fileRef = 910E46331D3772E500EE6120 /* Pin+CoreDataProperties.swift */; };
		910E46381D3772E500EE6120 /* Pin.swift in Sources */ = {isa = PBXBuildFile; fileRef = 910E46341D3772E500EE6120 /* Pin.swift */; };
		910E46391D3772E500EE6120 /* Photo+CoreDataProperties.swift in Sources */ = {isa = PBXBuildFile; fileRef = 910E46351D3772E500EE6120 /* Photo+CoreDataProperties.swift */; };
		910E463A1D3772E500EE6120 /* Photo.swift in Sources */ = {isa = PBXBuildFile; fileRef = 910E46361D3772E500EE6120 /* Photo.swift */; };
		9111169A1D3D80C90025756C /* PhotoViewController.swift in Sources */ = {isa = PBXBuildFile; fileRef = 911116991D3D80C90025756C /* PhotoViewController.swift */; };
		91E12C6E1D3DB4D500A80716 /* FlickrConstants.swift in Sources */ = {isa = PBXBuildFile; fileRef = 91E12C6D1D3DB4D500A80716 /* FlickrConstants.swift */; };
		91E12C701D3DB95B00A80716 /* GCDBlackBox.swift in Sources */ = {isa = PBXBuildFile; fileRef = 91E12C6F1D3DB95B00A80716 /* GCDBlackBox.swift */; };
		91E12C721D3DE67B00A80716 /* PhotoCollectionViewCell.swift in Sources */ = {isa = PBXBuildFile; fileRef = 91E12C711D3DE67B00A80716 /* PhotoCollectionViewCell.swift */; };
		91E12C741D3DF0AD00A80716 /* FlickrClient.swift in Sources */ = {isa = PBXBuildFile; fileRef = 91E12C731D3DF0AD00A80716 /* FlickrClient.swift */; };
/* End PBXBuildFile section */

/* Begin PBXContainerItemProxy section */
		910E460C1D3709FB00EE6120 /* PBXContainerItemProxy */ = {
			isa = PBXContainerItemProxy;
			containerPortal = 910E45EF1D3709FB00EE6120 /* Project object */;
			proxyType = 1;
			remoteGlobalIDString = 910E45F61D3709FB00EE6120;
			remoteInfo = VirtualTourist;
		};
		910E46171D3709FB00EE6120 /* PBXContainerItemProxy */ = {
			isa = PBXContainerItemProxy;
			containerPortal = 910E45EF1D3709FB00EE6120 /* Project object */;
			proxyType = 1;
			remoteGlobalIDString = 910E45F61D3709FB00EE6120;
			remoteInfo = VirtualTourist;
		};
/* End PBXContainerItemProxy section */

/* Begin PBXFileReference section */
		910E45F71D3709FB00EE6120 /* VirtualTourist.app */ = {isa = PBXFileReference; explicitFileType = wrapper.application; includeInIndex = 0; path = VirtualTourist.app; sourceTree = BUILT_PRODUCTS_DIR; };
		910E45FA1D3709FB00EE6120 /* AppDelegate.swift */ = {isa = PBXFileReference; lastKnownFileType = sourcecode.swift; path = AppDelegate.swift; sourceTree = "<group>"; };
		910E45FF1D3709FB00EE6120 /* Base */ = {isa = PBXFileReference; lastKnownFileType = file.storyboard; name = Base; path = Base.lproj/Main.storyboard; sourceTree = "<group>"; };
		910E46011D3709FB00EE6120 /* Assets.xcassets */ = {isa = PBXFileReference; lastKnownFileType = folder.assetcatalog; path = Assets.xcassets; sourceTree = "<group>"; };
		910E46041D3709FB00EE6120 /* Base */ = {isa = PBXFileReference; lastKnownFileType = file.storyboard; name = Base; path = Base.lproj/LaunchScreen.storyboard; sourceTree = "<group>"; };
		910E46061D3709FB00EE6120 /* Info.plist */ = {isa = PBXFileReference; lastKnownFileType = text.plist.xml; path = Info.plist; sourceTree = "<group>"; };
		910E460B1D3709FB00EE6120 /* VirtualTouristTests.xctest */ = {isa = PBXFileReference; explicitFileType = wrapper.cfbundle; includeInIndex = 0; path = VirtualTouristTests.xctest; sourceTree = BUILT_PRODUCTS_DIR; };
		910E460F1D3709FB00EE6120 /* VirtualTouristTests.swift */ = {isa = PBXFileReference; lastKnownFileType = sourcecode.swift; path = VirtualTouristTests.swift; sourceTree = "<group>"; };
		910E46111D3709FB00EE6120 /* Info.plist */ = {isa = PBXFileReference; lastKnownFileType = text.plist.xml; path = Info.plist; sourceTree = "<group>"; };
		910E46161D3709FB00EE6120 /* VirtualTouristUITests.xctest */ = {isa = PBXFileReference; explicitFileType = wrapper.cfbundle; includeInIndex = 0; path = VirtualTouristUITests.xctest; sourceTree = BUILT_PRODUCTS_DIR; };
		910E461A1D3709FB00EE6120 /* VirtualTouristUITests.swift */ = {isa = PBXFileReference; lastKnownFileType = sourcecode.swift; path = VirtualTouristUITests.swift; sourceTree = "<group>"; };
		910E461C1D3709FB00EE6120 /* Info.plist */ = {isa = PBXFileReference; lastKnownFileType = text.plist.xml; path = Info.plist; sourceTree = "<group>"; };
		910E462C1D370D8B00EE6120 /* MapViewController.swift */ = {isa = PBXFileReference; fileEncoding = 4; lastKnownFileType = sourcecode.swift; path = MapViewController.swift; sourceTree = "<group>"; };
		910E462E1D3712AE00EE6120 /* CoreDataStack.swift */ = {isa = PBXFileReference; fileEncoding = 4; lastKnownFileType = sourcecode.swift; path = CoreDataStack.swift; sourceTree = "<group>"; };
		910E46311D3713F600EE6120 /* Model.xcdatamodel */ = {isa = PBXFileReference; lastKnownFileType = wrapper.xcdatamodel; path = Model.xcdatamodel; sourceTree = "<group>"; };
		910E46331D3772E500EE6120 /* Pin+CoreDataProperties.swift */ = {isa = PBXFileReference; fileEncoding = 4; lastKnownFileType = sourcecode.swift; path = "Pin+CoreDataProperties.swift"; sourceTree = "<group>"; };
		910E46341D3772E500EE6120 /* Pin.swift */ = {isa = PBXFileReference; fileEncoding = 4; lastKnownFileType = sourcecode.swift; path = Pin.swift; sourceTree = "<group>"; };
		910E46351D3772E500EE6120 /* Photo+CoreDataProperties.swift */ = {isa = PBXFileReference; fileEncoding = 4; lastKnownFileType = sourcecode.swift; path = "Photo+CoreDataProperties.swift"; sourceTree = "<group>"; };
		910E46361D3772E500EE6120 /* Photo.swift */ = {isa = PBXFileReference; fileEncoding = 4; lastKnownFileType = sourcecode.swift; path = Photo.swift; sourceTree = "<group>"; };
		910FAA721D3EBF56002903A9 /* Model2.xcdatamodel */ = {isa = PBXFileReference; lastKnownFileType = wrapper.xcdatamodel; path = Model2.xcdatamodel; sourceTree = "<group>"; };
		911116991D3D80C90025756C /* PhotoViewController.swift */ = {isa = PBXFileReference; fileEncoding = 4; lastKnownFileType = sourcecode.swift; path = PhotoViewController.swift; sourceTree = "<group>"; };
		91E12C6D1D3DB4D500A80716 /* FlickrConstants.swift */ = {isa = PBXFileReference; fileEncoding = 4; lastKnownFileType = sourcecode.swift; path = FlickrConstants.swift; sourceTree = "<group>"; };
		91E12C6F1D3DB95B00A80716 /* GCDBlackBox.swift */ = {isa = PBXFileReference; fileEncoding = 4; lastKnownFileType = sourcecode.swift; name = GCDBlackBox.swift; path = ../GCDBlackBox.swift; sourceTree = "<group>"; };
		91E12C711D3DE67B00A80716 /* PhotoCollectionViewCell.swift */ = {isa = PBXFileReference; fileEncoding = 4; lastKnownFileType = sourcecode.swift; path = PhotoCollectionViewCell.swift; sourceTree = "<group>"; };
		91E12C731D3DF0AD00A80716 /* FlickrClient.swift */ = {isa = PBXFileReference; fileEncoding = 4; lastKnownFileType = sourcecode.swift; path = FlickrClient.swift; sourceTree = "<group>"; };
/* End PBXFileReference section */

/* Begin PBXFrameworksBuildPhase section */
		910E45F41D3709FB00EE6120 /* Frameworks */ = {
			isa = PBXFrameworksBuildPhase;
			buildActionMask = 2147483647;
			files = (
			);
			runOnlyForDeploymentPostprocessing = 0;
		};
		910E46081D3709FB00EE6120 /* Frameworks */ = {
			isa = PBXFrameworksBuildPhase;
			buildActionMask = 2147483647;
			files = (
			);
			runOnlyForDeploymentPostprocessing = 0;
		};
		910E46131D3709FB00EE6120 /* Frameworks */ = {
			isa = PBXFrameworksBuildPhase;
			buildActionMask = 2147483647;
			files = (
			);
			runOnlyForDeploymentPostprocessing = 0;
		};
/* End PBXFrameworksBuildPhase section */

/* Begin PBXGroup section */
		910E45EE1D3709FB00EE6120 = {
			isa = PBXGroup;
			children = (
				910E462B1D370A9400EE6120 /* Client */,
				910E462A1D370A8900EE6120 /* Controller */,
				910E46291D370A8400EE6120 /* View */,
				910E46281D370A7E00EE6120 /* Model */,
				910E45F91D3709FB00EE6120 /* VirtualTourist */,
				910E460E1D3709FB00EE6120 /* VirtualTouristTests */,
				910E46191D3709FB00EE6120 /* VirtualTouristUITests */,
				910E45F81D3709FB00EE6120 /* Products */,
			);
			sourceTree = "<group>";
		};
		910E45F81D3709FB00EE6120 /* Products */ = {
			isa = PBXGroup;
			children = (
				910E45F71D3709FB00EE6120 /* VirtualTourist.app */,
				910E460B1D3709FB00EE6120 /* VirtualTouristTests.xctest */,
				910E46161D3709FB00EE6120 /* VirtualTouristUITests.xctest */,
			);
			name = Products;
			sourceTree = "<group>";
		};
		910E45F91D3709FB00EE6120 /* VirtualTourist */ = {
			isa = PBXGroup;
			children = (
				910E45FA1D3709FB00EE6120 /* AppDelegate.swift */,
				910E45FE1D3709FB00EE6120 /* Main.storyboard */,
				910E46011D3709FB00EE6120 /* Assets.xcassets */,
				910E46031D3709FB00EE6120 /* LaunchScreen.storyboard */,
				91E12C6F1D3DB95B00A80716 /* GCDBlackBox.swift */,
				910E46061D3709FB00EE6120 /* Info.plist */,
			);
			path = VirtualTourist;
			sourceTree = "<group>";
		};
		910E460E1D3709FB00EE6120 /* VirtualTouristTests */ = {
			isa = PBXGroup;
			children = (
				910E460F1D3709FB00EE6120 /* VirtualTouristTests.swift */,
				910E46111D3709FB00EE6120 /* Info.plist */,
			);
			path = VirtualTouristTests;
			sourceTree = "<group>";
		};
		910E46191D3709FB00EE6120 /* VirtualTouristUITests */ = {
			isa = PBXGroup;
			children = (
				910E461A1D3709FB00EE6120 /* VirtualTouristUITests.swift */,
				910E461C1D3709FB00EE6120 /* Info.plist */,
			);
			path = VirtualTouristUITests;
			sourceTree = "<group>";
		};
		910E46281D370A7E00EE6120 /* Model */ = {
			isa = PBXGroup;
			children = (
				910E462E1D3712AE00EE6120 /* CoreDataStack.swift */,
				910E46301D3713F600EE6120 /* Model.xcdatamodeld */,
				910E46331D3772E500EE6120 /* Pin+CoreDataProperties.swift */,
				910E46341D3772E500EE6120 /* Pin.swift */,
				910E46351D3772E500EE6120 /* Photo+CoreDataProperties.swift */,
				910E46361D3772E500EE6120 /* Photo.swift */,
			);
			name = Model;
			sourceTree = "<group>";
		};
		910E46291D370A8400EE6120 /* View */ = {
			isa = PBXGroup;
			children = (
				91E12C711D3DE67B00A80716 /* PhotoCollectionViewCell.swift */,
			);
			name = View;
			sourceTree = "<group>";
		};
		910E462A1D370A8900EE6120 /* Controller */ = {
			isa = PBXGroup;
			children = (
				910E462C1D370D8B00EE6120 /* MapViewController.swift */,
				911116991D3D80C90025756C /* PhotoViewController.swift */,
			);
			name = Controller;
			sourceTree = "<group>";
		};
		910E462B1D370A9400EE6120 /* Client */ = {
			isa = PBXGroup;
			children = (
				91E12C6D1D3DB4D500A80716 /* FlickrConstants.swift */,
				91E12C731D3DF0AD00A80716 /* FlickrClient.swift */,
			);
			name = Client;
			sourceTree = "<group>";
		};
/* End PBXGroup section */

/* Begin PBXNativeTarget section */
		910E45F61D3709FB00EE6120 /* VirtualTourist */ = {
			isa = PBXNativeTarget;
			buildConfigurationList = 910E461F1D3709FB00EE6120 /* Build configuration list for PBXNativeTarget "VirtualTourist" */;
			buildPhases = (
				910E45F31D3709FB00EE6120 /* Sources */,
				910E45F41D3709FB00EE6120 /* Frameworks */,
				910E45F51D3709FB00EE6120 /* Resources */,
			);
			buildRules = (
			);
			dependencies = (
			);
			name = VirtualTourist;
			productName = VirtualTourist;
			productReference = 910E45F71D3709FB00EE6120 /* VirtualTourist.app */;
			productType = "com.apple.product-type.application";
		};
		910E460A1D3709FB00EE6120 /* VirtualTouristTests */ = {
			isa = PBXNativeTarget;
			buildConfigurationList = 910E46221D3709FB00EE6120 /* Build configuration list for PBXNativeTarget "VirtualTouristTests" */;
			buildPhases = (
				910E46071D3709FB00EE6120 /* Sources */,
				910E46081D3709FB00EE6120 /* Frameworks */,
				910E46091D3709FB00EE6120 /* Resources */,
			);
			buildRules = (
			);
			dependencies = (
				910E460D1D3709FB00EE6120 /* PBXTargetDependency */,
			);
			name = VirtualTouristTests;
			productName = VirtualTouristTests;
			productReference = 910E460B1D3709FB00EE6120 /* VirtualTouristTests.xctest */;
			productType = "com.apple.product-type.bundle.unit-test";
		};
		910E46151D3709FB00EE6120 /* VirtualTouristUITests */ = {
			isa = PBXNativeTarget;
			buildConfigurationList = 910E46251D3709FB00EE6120 /* Build configuration list for PBXNativeTarget "VirtualTouristUITests" */;
			buildPhases = (
				910E46121D3709FB00EE6120 /* Sources */,
				910E46131D3709FB00EE6120 /* Frameworks */,
				910E46141D3709FB00EE6120 /* Resources */,
			);
			buildRules = (
			);
			dependencies = (
				910E46181D3709FB00EE6120 /* PBXTargetDependency */,
			);
			name = VirtualTouristUITests;
			productName = VirtualTouristUITests;
			productReference = 910E46161D3709FB00EE6120 /* VirtualTouristUITests.xctest */;
			productType = "com.apple.product-type.bundle.ui-testing";
		};
/* End PBXNativeTarget section */

/* Begin PBXProject section */
		910E45EF1D3709FB00EE6120 /* Project object */ = {
			isa = PBXProject;
			attributes = {
				LastSwiftUpdateCheck = 0730;
				LastUpgradeCheck = 0730;
				ORGANIZATIONNAME = SeanPerez;
				TargetAttributes = {
					910E45F61D3709FB00EE6120 = {
						CreatedOnToolsVersion = 7.3.1;
					};
					910E460A1D3709FB00EE6120 = {
						CreatedOnToolsVersion = 7.3.1;
						TestTargetID = 910E45F61D3709FB00EE6120;
					};
					910E46151D3709FB00EE6120 = {
						CreatedOnToolsVersion = 7.3.1;
						TestTargetID = 910E45F61D3709FB00EE6120;
					};
				};
			};
			buildConfigurationList = 910E45F21D3709FB00EE6120 /* Build configuration list for PBXProject "VirtualTourist" */;
			compatibilityVersion = "Xcode 3.2";
			developmentRegion = English;
			hasScannedForEncodings = 0;
			knownRegions = (
				en,
				Base,
			);
			mainGroup = 910E45EE1D3709FB00EE6120;
			productRefGroup = 910E45F81D3709FB00EE6120 /* Products */;
			projectDirPath = "";
			projectRoot = "";
			targets = (
				910E45F61D3709FB00EE6120 /* VirtualTourist */,
				910E460A1D3709FB00EE6120 /* VirtualTouristTests */,
				910E46151D3709FB00EE6120 /* VirtualTouristUITests */,
			);
		};
/* End PBXProject section */

/* Begin PBXResourcesBuildPhase section */
		910E45F51D3709FB00EE6120 /* Resources */ = {
			isa = PBXResourcesBuildPhase;
			buildActionMask = 2147483647;
			files = (
				910E46051D3709FB00EE6120 /* LaunchScreen.storyboard in Resources */,
				910E46021D3709FB00EE6120 /* Assets.xcassets in Resources */,
				910E46001D3709FB00EE6120 /* Main.storyboard in Resources */,
			);
			runOnlyForDeploymentPostprocessing = 0;
		};
		910E46091D3709FB00EE6120 /* Resources */ = {
			isa = PBXResourcesBuildPhase;
			buildActionMask = 2147483647;
			files = (
			);
			runOnlyForDeploymentPostprocessing = 0;
		};
		910E46141D3709FB00EE6120 /* Resources */ = {
			isa = PBXResourcesBuildPhase;
			buildActionMask = 2147483647;
			files = (
			);
			runOnlyForDeploymentPostprocessing = 0;
		};
/* End PBXResourcesBuildPhase section */

/* Begin PBXSourcesBuildPhase section */
		910E45F31D3709FB00EE6120 /* Sources */ = {
			isa = PBXSourcesBuildPhase;
			buildActionMask = 2147483647;
			files = (
				910E46381D3772E500EE6120 /* Pin.swift in Sources */,
				91E12C721D3DE67B00A80716 /* PhotoCollectionViewCell.swift in Sources */,
				910E46371D3772E500EE6120 /* Pin+CoreDataProperties.swift in Sources */,
				91E12C6E1D3DB4D500A80716 /* FlickrConstants.swift in Sources */,
				91E12C701D3DB95B00A80716 /* GCDBlackBox.swift in Sources */,
				91E12C741D3DF0AD00A80716 /* FlickrClient.swift in Sources */,
				910E463A1D3772E500EE6120 /* Photo.swift in Sources */,
				910E462D1D370D8B00EE6120 /* MapViewController.swift in Sources */,
				910E46321D3713F600EE6120 /* Model.xcdatamodeld in Sources */,
				910E45FB1D3709FB00EE6120 /* AppDelegate.swift in Sources */,
				910E46391D3772E500EE6120 /* Photo+CoreDataProperties.swift in Sources */,
				910E462F1D3712AE00EE6120 /* CoreDataStack.swift in Sources */,
				9111169A1D3D80C90025756C /* PhotoViewController.swift in Sources */,
			);
			runOnlyForDeploymentPostprocessing = 0;
		};
		910E46071D3709FB00EE6120 /* Sources */ = {
			isa = PBXSourcesBuildPhase;
			buildActionMask = 2147483647;
			files = (
				910E46101D3709FB00EE6120 /* VirtualTouristTests.swift in Sources */,
			);
			runOnlyForDeploymentPostprocessing = 0;
		};
		910E46121D3709FB00EE6120 /* Sources */ = {
			isa = PBXSourcesBuildPhase;
			buildActionMask = 2147483647;
			files = (
				910E461B1D3709FB00EE6120 /* VirtualTouristUITests.swift in Sources */,
			);
			runOnlyForDeploymentPostprocessing = 0;
		};
/* End PBXSourcesBuildPhase section */

/* Begin PBXTargetDependency section */
		910E460D1D3709FB00EE6120 /* PBXTargetDependency */ = {
			isa = PBXTargetDependency;
			target = 910E45F61D3709FB00EE6120 /* VirtualTourist */;
			targetProxy = 910E460C1D3709FB00EE6120 /* PBXContainerItemProxy */;
		};
		910E46181D3709FB00EE6120 /* PBXTargetDependency */ = {
			isa = PBXTargetDependency;
			target = 910E45F61D3709FB00EE6120 /* VirtualTourist */;
			targetProxy = 910E46171D3709FB00EE6120 /* PBXContainerItemProxy */;
		};
/* End PBXTargetDependency section */

/* Begin PBXVariantGroup section */
		910E45FE1D3709FB00EE6120 /* Main.storyboard */ = {
			isa = PBXVariantGroup;
			children = (
				910E45FF1D3709FB00EE6120 /* Base */,
			);
			name = Main.storyboard;
			sourceTree = "<group>";
		};
		910E46031D3709FB00EE6120 /* LaunchScreen.storyboard */ = {
			isa = PBXVariantGroup;
			children = (
				910E46041D3709FB00EE6120 /* Base */,
			);
			name = LaunchScreen.storyboard;
			sourceTree = "<group>";
		};
/* End PBXVariantGroup section */

/* Begin XCBuildConfiguration section */
		910E461D1D3709FB00EE6120 /* Debug */ = {
			isa = XCBuildConfiguration;
			buildSettings = {
				ALWAYS_SEARCH_USER_PATHS = NO;
				CLANG_ANALYZER_NONNULL = YES;
				CLANG_CXX_LANGUAGE_STANDARD = "gnu++0x";
				CLANG_CXX_LIBRARY = "libc++";
				CLANG_ENABLE_MODULES = YES;
				CLANG_ENABLE_OBJC_ARC = YES;
				CLANG_WARN_BOOL_CONVERSION = YES;
				CLANG_WARN_CONSTANT_CONVERSION = YES;
				CLANG_WARN_DIRECT_OBJC_ISA_USAGE = YES_ERROR;
				CLANG_WARN_EMPTY_BODY = YES;
				CLANG_WARN_ENUM_CONVERSION = YES;
				CLANG_WARN_INT_CONVERSION = YES;
				CLANG_WARN_OBJC_ROOT_CLASS = YES_ERROR;
				CLANG_WARN_UNREACHABLE_CODE = YES;
				CLANG_WARN__DUPLICATE_METHOD_MATCH = YES;
				"CODE_SIGN_IDENTITY[sdk=iphoneos*]" = "iPhone Developer";
				COPY_PHASE_STRIP = NO;
				DEBUG_INFORMATION_FORMAT = dwarf;
				ENABLE_STRICT_OBJC_MSGSEND = YES;
				ENABLE_TESTABILITY = YES;
				GCC_C_LANGUAGE_STANDARD = gnu99;
				GCC_DYNAMIC_NO_PIC = NO;
				GCC_NO_COMMON_BLOCKS = YES;
				GCC_OPTIMIZATION_LEVEL = 0;
				GCC_PREPROCESSOR_DEFINITIONS = (
					"DEBUG=1",
					"$(inherited)",
				);
				GCC_WARN_64_TO_32_BIT_CONVERSION = YES;
				GCC_WARN_ABOUT_RETURN_TYPE = YES_ERROR;
				GCC_WARN_UNDECLARED_SELECTOR = YES;
				GCC_WARN_UNINITIALIZED_AUTOS = YES_AGGRESSIVE;
				GCC_WARN_UNUSED_FUNCTION = YES;
				GCC_WARN_UNUSED_VARIABLE = YES;
				IPHONEOS_DEPLOYMENT_TARGET = 9.3;
				MTL_ENABLE_DEBUG_INFO = YES;
				ONLY_ACTIVE_ARCH = YES;
				SDKROOT = iphoneos;
				SWIFT_OPTIMIZATION_LEVEL = "-Onone";
			};
			name = Debug;
		};
		910E461E1D3709FB00EE6120 /* Release */ = {
			isa = XCBuildConfiguration;
			buildSettings = {
				ALWAYS_SEARCH_USER_PATHS = NO;
				CLANG_ANALYZER_NONNULL = YES;
				CLANG_CXX_LANGUAGE_STANDARD = "gnu++0x";
				CLANG_CXX_LIBRARY = "libc++";
				CLANG_ENABLE_MODULES = YES;
				CLANG_ENABLE_OBJC_ARC = YES;
				CLANG_WARN_BOOL_CONVERSION = YES;
				CLANG_WARN_CONSTANT_CONVERSION = YES;
				CLANG_WARN_DIRECT_OBJC_ISA_USAGE = YES_ERROR;
				CLANG_WARN_EMPTY_BODY = YES;
				CLANG_WARN_ENUM_CONVERSION = YES;
				CLANG_WARN_INT_CONVERSION = YES;
				CLANG_WARN_OBJC_ROOT_CLASS = YES_ERROR;
				CLANG_WARN_UNREACHABLE_CODE = YES;
				CLANG_WARN__DUPLICATE_METHOD_MATCH = YES;
				"CODE_SIGN_IDENTITY[sdk=iphoneos*]" = "iPhone Developer";
				COPY_PHASE_STRIP = NO;
				DEBUG_INFORMATION_FORMAT = "dwarf-with-dsym";
				ENABLE_NS_ASSERTIONS = NO;
				ENABLE_STRICT_OBJC_MSGSEND = YES;
				GCC_C_LANGUAGE_STANDARD = gnu99;
				GCC_NO_COMMON_BLOCKS = YES;
				GCC_WARN_64_TO_32_BIT_CONVERSION = YES;
				GCC_WARN_ABOUT_RETURN_TYPE = YES_ERROR;
				GCC_WARN_UNDECLARED_SELECTOR = YES;
				GCC_WARN_UNINITIALIZED_AUTOS = YES_AGGRESSIVE;
				GCC_WARN_UNUSED_FUNCTION = YES;
				GCC_WARN_UNUSED_VARIABLE = YES;
				IPHONEOS_DEPLOYMENT_TARGET = 9.3;
				MTL_ENABLE_DEBUG_INFO = NO;
				SDKROOT = iphoneos;
				VALIDATE_PRODUCT = YES;
			};
			name = Release;
		};
		910E46201D3709FB00EE6120 /* Debug */ = {
			isa = XCBuildConfiguration;
			buildSettings = {
				ASSETCATALOG_COMPILER_APPICON_NAME = AppIcon;
				INFOPLIST_FILE = VirtualTourist/Info.plist;
				LD_RUNPATH_SEARCH_PATHS = "$(inherited) @executable_path/Frameworks";
				PRODUCT_BUNDLE_IDENTIFIER = com.seanperez.VirtualTourist;
				PRODUCT_NAME = "$(TARGET_NAME)";
			};
			name = Debug;
		};
		910E46211D3709FB00EE6120 /* Release */ = {
			isa = XCBuildConfiguration;
			buildSettings = {
				ASSETCATALOG_COMPILER_APPICON_NAME = AppIcon;
				INFOPLIST_FILE = VirtualTourist/Info.plist;
				LD_RUNPATH_SEARCH_PATHS = "$(inherited) @executable_path/Frameworks";
				PRODUCT_BUNDLE_IDENTIFIER = com.seanperez.VirtualTourist;
				PRODUCT_NAME = "$(TARGET_NAME)";
			};
			name = Release;
		};
		910E46231D3709FB00EE6120 /* Debug */ = {
			isa = XCBuildConfiguration;
			buildSettings = {
				BUNDLE_LOADER = "$(TEST_HOST)";
				INFOPLIST_FILE = VirtualTouristTests/Info.plist;
				LD_RUNPATH_SEARCH_PATHS = "$(inherited) @executable_path/Frameworks @loader_path/Frameworks";
				PRODUCT_BUNDLE_IDENTIFIER = com.seanperez.VirtualTouristTests;
				PRODUCT_NAME = "$(TARGET_NAME)";
				TEST_HOST = "$(BUILT_PRODUCTS_DIR)/VirtualTourist.app/VirtualTourist";
			};
			name = Debug;
		};
		910E46241D3709FB00EE6120 /* Release */ = {
			isa = XCBuildConfiguration;
			buildSettings = {
				BUNDLE_LOADER = "$(TEST_HOST)";
				INFOPLIST_FILE = VirtualTouristTests/Info.plist;
				LD_RUNPATH_SEARCH_PATHS = "$(inherited) @executable_path/Frameworks @loader_path/Frameworks";
				PRODUCT_BUNDLE_IDENTIFIER = com.seanperez.VirtualTouristTests;
				PRODUCT_NAME = "$(TARGET_NAME)";
				TEST_HOST = "$(BUILT_PRODUCTS_DIR)/VirtualTourist.app/VirtualTourist";
			};
			name = Release;
		};
		910E46261D3709FB00EE6120 /* Debug */ = {
			isa = XCBuildConfiguration;
			buildSettings = {
				INFOPLIST_FILE = VirtualTouristUITests/Info.plist;
				LD_RUNPATH_SEARCH_PATHS = "$(inherited) @executable_path/Frameworks @loader_path/Frameworks";
				PRODUCT_BUNDLE_IDENTIFIER = com.seanperez.VirtualTouristUITests;
				PRODUCT_NAME = "$(TARGET_NAME)";
				TEST_TARGET_NAME = VirtualTourist;
			};
			name = Debug;
		};
		910E46271D3709FB00EE6120 /* Release */ = {
			isa = XCBuildConfiguration;
			buildSettings = {
				INFOPLIST_FILE = VirtualTouristUITests/Info.plist;
				LD_RUNPATH_SEARCH_PATHS = "$(inherited) @executable_path/Frameworks @loader_path/Frameworks";
				PRODUCT_BUNDLE_IDENTIFIER = com.seanperez.VirtualTouristUITests;
				PRODUCT_NAME = "$(TARGET_NAME)";
				TEST_TARGET_NAME = VirtualTourist;
			};
			name = Release;
		};
/* End XCBuildConfiguration section */

/* Begin XCConfigurationList section */
		910E45F21D3709FB00EE6120 /* Build configuration list for PBXProject "VirtualTourist" */ = {
			isa = XCConfigurationList;
			buildConfigurations = (
				910E461D1D3709FB00EE6120 /* Debug */,
				910E461E1D3709FB00EE6120 /* Release */,
			);
			defaultConfigurationIsVisible = 0;
			defaultConfigurationName = Release;
		};
		910E461F1D3709FB00EE6120 /* Build configuration list for PBXNativeTarget "VirtualTourist" */ = {
			isa = XCConfigurationList;
			buildConfigurations = (
				910E46201D3709FB00EE6120 /* Debug */,
				910E46211D3709FB00EE6120 /* Release */,
			);
			defaultConfigurationIsVisible = 0;
			defaultConfigurationName = Release;
		};
		910E46221D3709FB00EE6120 /* Build configuration list for PBXNativeTarget "VirtualTouristTests" */ = {
			isa = XCConfigurationList;
			buildConfigurations = (
				910E46231D3709FB00EE6120 /* Debug */,
				910E46241D3709FB00EE6120 /* Release */,
			);
			defaultConfigurationIsVisible = 0;
			defaultConfigurationName = Release;
		};
		910E46251D3709FB00EE6120 /* Build configuration list for PBXNativeTarget "VirtualTouristUITests" */ = {
			isa = XCConfigurationList;
			buildConfigurations = (
				910E46261D3709FB00EE6120 /* Debug */,
				910E46271D3709FB00EE6120 /* Release */,
			);
			defaultConfigurationIsVisible = 0;
			defaultConfigurationName = Release;
		};
/* End XCConfigurationList section */

/* Begin XCVersionGroup section */
		910E46301D3713F600EE6120 /* Model.xcdatamodeld */ = {
			isa = XCVersionGroup;
			children = (
				910FAA721D3EBF56002903A9 /* Model2.xcdatamodel */,
				910E46311D3713F600EE6120 /* Model.xcdatamodel */,
			);
			currentVersion = 910E46311D3713F600EE6120 /* Model.xcdatamodel */;
			name = Model.xcdatamodeld;
			path = VirtualTourist/Model.xcdatamodeld;
			sourceTree = "<group>";
			versionGroupType = wrapper.xcdatamodel;
		};
/* End XCVersionGroup section */
	};
	rootObject = 910E45EF1D3709FB00EE6120 /* Project object */;
}
